// !$*UTF8*$!
{
	archiveVersion = 1;
	classes = {
	};
	objectVersion = 48;
	objects = {

/* Begin PBXBuildFile section */
		89326DFA1F7FD7DE00652786 /* MapViewVC.swift in Sources */ = {isa = PBXBuildFile; fileRef = 89326DF91F7FD7DE00652786 /* MapViewVC.swift */; };
		89A8828B1F7F0B5F0053AF9A /* AppDelegate.swift in Sources */ = {isa = PBXBuildFile; fileRef = 89A8828A1F7F0B5F0053AF9A /* AppDelegate.swift */; };
		89A8828D1F7F0B5F0053AF9A /* MainVC.swift in Sources */ = {isa = PBXBuildFile; fileRef = 89A8828C1F7F0B5F0053AF9A /* MainVC.swift */; };
		89A882901F7F0B5F0053AF9A /* Main.storyboard in Resources */ = {isa = PBXBuildFile; fileRef = 89A8828E1F7F0B5F0053AF9A /* Main.storyboard */; };
		89A882931F7F0B5F0053AF9A /* Movie_Finder.xcdatamodeld in Sources */ = {isa = PBXBuildFile; fileRef = 89A882911F7F0B5F0053AF9A /* Movie_Finder.xcdatamodeld */; };
		89A882951F7F0B5F0053AF9A /* Assets.xcassets in Resources */ = {isa = PBXBuildFile; fileRef = 89A882941F7F0B5F0053AF9A /* Assets.xcassets */; };
		89A882981F7F0B5F0053AF9A /* LaunchScreen.storyboard in Resources */ = {isa = PBXBuildFile; fileRef = 89A882961F7F0B5F0053AF9A /* LaunchScreen.storyboard */; };
		89A882A31F7F2BCC0053AF9A /* MovieCell.swift in Sources */ = {isa = PBXBuildFile; fileRef = 89A882A21F7F2BCC0053AF9A /* MovieCell.swift */; };
/* End PBXBuildFile section */

/* Begin PBXFileReference section */
		89326DF91F7FD7DE00652786 /* MapViewVC.swift */ = {isa = PBXFileReference; lastKnownFileType = sourcecode.swift; path = MapViewVC.swift; sourceTree = "<group>"; };
		89A882871F7F0B5F0053AF9A /* Movie Finder.app */ = {isa = PBXFileReference; explicitFileType = wrapper.application; includeInIndex = 0; path = "Movie Finder.app"; sourceTree = BUILT_PRODUCTS_DIR; };
		89A8828A1F7F0B5F0053AF9A /* AppDelegate.swift */ = {isa = PBXFileReference; lastKnownFileType = sourcecode.swift; path = AppDelegate.swift; sourceTree = "<group>"; };
		89A8828C1F7F0B5F0053AF9A /* MainVC.swift */ = {isa = PBXFileReference; lastKnownFileType = sourcecode.swift; path = MainVC.swift; sourceTree = "<group>"; };
		89A8828F1F7F0B5F0053AF9A /* Base */ = {isa = PBXFileReference; lastKnownFileType = file.storyboard; name = Base; path = Base.lproj/Main.storyboard; sourceTree = "<group>"; };
		89A882921F7F0B5F0053AF9A /* Movie_Finder.xcdatamodel */ = {isa = PBXFileReference; lastKnownFileType = wrapper.xcdatamodel; path = Movie_Finder.xcdatamodel; sourceTree = "<group>"; };
		89A882941F7F0B5F0053AF9A /* Assets.xcassets */ = {isa = PBXFileReference; lastKnownFileType = folder.assetcatalog; path = Assets.xcassets; sourceTree = "<group>"; };
		89A882971F7F0B5F0053AF9A /* Base */ = {isa = PBXFileReference; lastKnownFileType = file.storyboard; name = Base; path = Base.lproj/LaunchScreen.storyboard; sourceTree = "<group>"; };
		89A882991F7F0B5F0053AF9A /* Info.plist */ = {isa = PBXFileReference; lastKnownFileType = text.plist.xml; path = Info.plist; sourceTree = "<group>"; };
		89A882A21F7F2BCC0053AF9A /* MovieCell.swift */ = {isa = PBXFileReference; lastKnownFileType = sourcecode.swift; path = MovieCell.swift; sourceTree = "<group>"; };
/* End PBXFileReference section */

/* Begin PBXFrameworksBuildPhase section */
		89A882841F7F0B5F0053AF9A /* Frameworks */ = {
			isa = PBXFrameworksBuildPhase;
			buildActionMask = 2147483647;
			files = (
			);
			runOnlyForDeploymentPostprocessing = 0;
		};
/* End PBXFrameworksBuildPhase section */

/* Begin PBXGroup section */
		89A8827E1F7F0B5F0053AF9A = {
			isa = PBXGroup;
			children = (
				89A882891F7F0B5F0053AF9A /* Movie Finder */,
				89A882881F7F0B5F0053AF9A /* Products */,
			);
			sourceTree = "<group>";
		};
		89A882881F7F0B5F0053AF9A /* Products */ = {
			isa = PBXGroup;
			children = (
				89A882871F7F0B5F0053AF9A /* Movie Finder.app */,
			);
			name = Products;
			sourceTree = "<group>";
		};
		89A882891F7F0B5F0053AF9A /* Movie Finder */ = {
			isa = PBXGroup;
			children = (
				89A8828A1F7F0B5F0053AF9A /* AppDelegate.swift */,
				89A882A11F7F2B610053AF9A /* Model */,
				89A882A01F7F2B5E0053AF9A /* View */,
				89A8829F1F7F2B5C0053AF9A /* Controller */,
				89A8828E1F7F0B5F0053AF9A /* Main.storyboard */,
				89A882941F7F0B5F0053AF9A /* Assets.xcassets */,
				89A882961F7F0B5F0053AF9A /* LaunchScreen.storyboard */,
				89A882991F7F0B5F0053AF9A /* Info.plist */,
				89A882911F7F0B5F0053AF9A /* Movie_Finder.xcdatamodeld */,
			);
			path = "Movie Finder";
			sourceTree = "<group>";
		};
		89A8829F1F7F2B5C0053AF9A /* Controller */ = {
			isa = PBXGroup;
			children = (
				89A8828C1F7F0B5F0053AF9A /* MainVC.swift */,
				89326DF91F7FD7DE00652786 /* MapViewVC.swift */,
			);
			path = Controller;
			sourceTree = "<group>";
		};
		89A882A01F7F2B5E0053AF9A /* View */ = {
			isa = PBXGroup;
			children = (
				89A882A21F7F2BCC0053AF9A /* MovieCell.swift */,
			);
			path = View;
			sourceTree = "<group>";
		};
		89A882A11F7F2B610053AF9A /* Model */ = {
			isa = PBXGroup;
			children = (
			);
			path = Model;
			sourceTree = "<group>";
		};
/* End PBXGroup section */

/* Begin PBXNativeTarget section */
		89A882861F7F0B5F0053AF9A /* Movie Finder */ = {
			isa = PBXNativeTarget;
			buildConfigurationList = 89A8829C1F7F0B5F0053AF9A /* Build configuration list for PBXNativeTarget "Movie Finder" */;
			buildPhases = (
				89A882831F7F0B5F0053AF9A /* Sources */,
				89A882841F7F0B5F0053AF9A /* Frameworks */,
				89A882851F7F0B5F0053AF9A /* Resources */,
			);
			buildRules = (
			);
			dependencies = (
			);
			name = "Movie Finder";
			productName = "Movie Finder";
			productReference = 89A882871F7F0B5F0053AF9A /* Movie Finder.app */;
			productType = "com.apple.product-type.application";
		};
/* End PBXNativeTarget section */

/* Begin PBXProject section */
		89A8827F1F7F0B5F0053AF9A /* Project object */ = {
			isa = PBXProject;
			attributes = {
				LastSwiftUpdateCheck = 0900;
				LastUpgradeCheck = 0900;
				ORGANIZATIONNAME = "Akil Kumar Thota";
				TargetAttributes = {
					89A882861F7F0B5F0053AF9A = {
						CreatedOnToolsVersion = 9.0;
						ProvisioningStyle = Automatic;
					};
				};
			};
			buildConfigurationList = 89A882821F7F0B5F0053AF9A /* Build configuration list for PBXProject "Movie Finder" */;
			compatibilityVersion = "Xcode 8.0";
			developmentRegion = en;
			hasScannedForEncodings = 0;
			knownRegions = (
				en,
				Base,
			);
			mainGroup = 89A8827E1F7F0B5F0053AF9A;
			productRefGroup = 89A882881F7F0B5F0053AF9A /* Products */;
			projectDirPath = "";
			projectRoot = "";
			targets = (
				89A882861F7F0B5F0053AF9A /* Movie Finder */,
			);
		};
/* End PBXProject section */

/* Begin PBXResourcesBuildPhase section */
		89A882851F7F0B5F0053AF9A /* Resources */ = {
			isa = PBXResourcesBuildPhase;
			buildActionMask = 2147483647;
			files = (
				89A882981F7F0B5F0053AF9A /* LaunchScreen.storyboard in Resources */,
				89A882951F7F0B5F0053AF9A /* Assets.xcassets in Resources */,
				89A882901F7F0B5F0053AF9A /* Main.storyboard in Resources */,
			);
			runOnlyForDeploymentPostprocessing = 0;
		};
/* End PBXResourcesBuildPhase section */

/* Begin PBXSourcesBuildPhase section */
		89A882831F7F0B5F0053AF9A /* Sources */ = {
			isa = PBXSourcesBuildPhase;
			buildActionMask = 2147483647;
			files = (
				89A882931F7F0B5F0053AF9A /* Movie_Finder.xcdatamodeld in Sources */,
				89A8828D1F7F0B5F0053AF9A /* MainVC.swift in Sources */,
				89A882A31F7F2BCC0053AF9A /* MovieCell.swift in Sources */,
				89A8828B1F7F0B5F0053AF9A /* AppDelegate.swift in Sources */,
				89326DFA1F7FD7DE00652786 /* MapViewVC.swift in Sources */,
			);
			runOnlyForDeploymentPostprocessing = 0;
		};
/* End PBXSourcesBuildPhase section */

/* Begin PBXVariantGroup section */
		89A8828E1F7F0B5F0053AF9A /* Main.storyboard */ = {
			isa = PBXVariantGroup;
			children = (
				89A8828F1F7F0B5F0053AF9A /* Base */,
			);
			name = Main.storyboard;
			sourceTree = "<group>";
		};
		89A882961F7F0B5F0053AF9A /* LaunchScreen.storyboard */ = {
			isa = PBXVariantGroup;
			children = (
				89A882971F7F0B5F0053AF9A /* Base */,
			);
			name = LaunchScreen.storyboard;
			sourceTree = "<group>";
		};
/* End PBXVariantGroup section */

/* Begin XCBuildConfiguration section */
		89A8829A1F7F0B5F0053AF9A /* Debug */ = {
			isa = XCBuildConfiguration;
			buildSettings = {
				ALWAYS_SEARCH_USER_PATHS = NO;
				CLANG_ANALYZER_NONNULL = YES;
				CLANG_ANALYZER_NUMBER_OBJECT_CONVERSION = YES_AGGRESSIVE;
				CLANG_CXX_LANGUAGE_STANDARD = "gnu++14";
				CLANG_CXX_LIBRARY = "libc++";
				CLANG_ENABLE_MODULES = YES;
				CLANG_ENABLE_OBJC_ARC = YES;
				CLANG_WARN_BLOCK_CAPTURE_AUTORELEASING = YES;
				CLANG_WARN_BOOL_CONVERSION = YES;
				CLANG_WARN_COMMA = YES;
				CLANG_WARN_CONSTANT_CONVERSION = YES;
				CLANG_WARN_DIRECT_OBJC_ISA_USAGE = YES_ERROR;
				CLANG_WARN_DOCUMENTATION_COMMENTS = YES;
				CLANG_WARN_EMPTY_BODY = YES;
				CLANG_WARN_ENUM_CONVERSION = YES;
				CLANG_WARN_INFINITE_RECURSION = YES;
				CLANG_WARN_INT_CONVERSION = YES;
				CLANG_WARN_NON_LITERAL_NULL_CONVERSION = YES;
				CLANG_WARN_OBJC_LITERAL_CONVERSION = YES;
				CLANG_WARN_OBJC_ROOT_CLASS = YES_ERROR;
				CLANG_WARN_RANGE_LOOP_ANALYSIS = YES;
				CLANG_WARN_STRICT_PROTOTYPES = YES;
				CLANG_WARN_SUSPICIOUS_MOVE = YES;
				CLANG_WARN_UNGUARDED_AVAILABILITY = YES_AGGRESSIVE;
				CLANG_WARN_UNREACHABLE_CODE = YES;
				CLANG_WARN__DUPLICATE_METHOD_MATCH = YES;
				CODE_SIGN_IDENTITY = "iPhone Developer";
				COPY_PHASE_STRIP = NO;
				DEBUG_INFORMATION_FORMAT = dwarf;
				ENABLE_STRICT_OBJC_MSGSEND = YES;
				ENABLE_TESTABILITY = YES;
				GCC_C_LANGUAGE_STANDARD = gnu11;
				GCC_DYNAMIC_NO_PIC = NO;
				GCC_NO_COMMON_BLOCKS = YES;
				GCC_OPTIMIZATION_LEVEL = 0;
				GCC_PREPROCESSOR_DEFINITIONS = (
					"DEBUG=1",
					"$(inherited)",
				);
				GCC_WARN_64_TO_32_BIT_CONVERSION = YES;
				GCC_WARN_ABOUT_RETURN_TYPE = YES_ERROR;
				GCC_WARN_UNDECLARED_SELECTOR = YES;
				GCC_WARN_UNINITIALIZED_AUTOS = YES_AGGRESSIVE;
				GCC_WARN_UNUSED_FUNCTION = YES;
				GCC_WARN_UNUSED_VARIABLE = YES;
				IPHONEOS_DEPLOYMENT_TARGET = 11.0;
				MTL_ENABLE_DEBUG_INFO = YES;
				ONLY_ACTIVE_ARCH = YES;
				SDKROOT = iphoneos;
				SWIFT_ACTIVE_COMPILATION_CONDITIONS = DEBUG;
				SWIFT_OPTIMIZATION_LEVEL = "-Onone";
			};
			name = Debug;
		};
		89A8829B1F7F0B5F0053AF9A /* Release */ = {
			isa = XCBuildConfiguration;
			buildSettings = {
				ALWAYS_SEARCH_USER_PATHS = NO;
				CLANG_ANALYZER_NONNULL = YES;
				CLANG_ANALYZER_NUMBER_OBJECT_CONVERSION = YES_AGGRESSIVE;
				CLANG_CXX_LANGUAGE_STANDARD = "gnu++14";
				CLANG_CXX_LIBRARY = "libc++";
				CLANG_ENABLE_MODULES = YES;
				CLANG_ENABLE_OBJC_ARC = YES;
				CLANG_WARN_BLOCK_CAPTURE_AUTORELEASING = YES;
				CLANG_WARN_BOOL_CONVERSION = YES;
				CLANG_WARN_COMMA = YES;
				CLANG_WARN_CONSTANT_CONVERSION = YES;
				CLANG_WARN_DIRECT_OBJC_ISA_USAGE = YES_ERROR;
				CLANG_WARN_DOCUMENTATION_COMMENTS = YES;
				CLANG_WARN_EMPTY_BODY = YES;
				CLANG_WARN_ENUM_CONVERSION = YES;
				CLANG_WARN_INFINITE_RECURSION = YES;
				CLANG_WARN_INT_CONVERSION = YES;
				CLANG_WARN_NON_LITERAL_NULL_CONVERSION = YES;
				CLANG_WARN_OBJC_LITERAL_CONVERSION = YES;
				CLANG_WARN_OBJC_ROOT_CLASS = YES_ERROR;
				CLANG_WARN_RANGE_LOOP_ANALYSIS = YES;
				CLANG_WARN_STRICT_PROTOTYPES = YES;
				CLANG_WARN_SUSPICIOUS_MOVE = YES;
				CLANG_WARN_UNGUARDED_AVAILABILITY = YES_AGGRESSIVE;
				CLANG_WARN_UNREACHABLE_CODE = YES;
				CLANG_WARN__DUPLICATE_METHOD_MATCH = YES;
				CODE_SIGN_IDENTITY = "iPhone Developer";
				COPY_PHASE_STRIP = NO;
				DEBUG_INFORMATION_FORMAT = "dwarf-with-dsym";
				ENABLE_NS_ASSERTIONS = NO;
				ENABLE_STRICT_OBJC_MSGSEND = YES;
				GCC_C_LANGUAGE_STANDARD = gnu11;
				GCC_NO_COMMON_BLOCKS = YES;
				GCC_WARN_64_TO_32_BIT_CONVERSION = YES;
				GCC_WARN_ABOUT_RETURN_TYPE = YES_ERROR;
				GCC_WARN_UNDECLARED_SELECTOR = YES;
				GCC_WARN_UNINITIALIZED_AUTOS = YES_AGGRESSIVE;
				GCC_WARN_UNUSED_FUNCTION = YES;
				GCC_WARN_UNUSED_VARIABLE = YES;
				IPHONEOS_DEPLOYMENT_TARGET = 11.0;
				MTL_ENABLE_DEBUG_INFO = NO;
				SDKROOT = iphoneos;
				SWIFT_OPTIMIZATION_LEVEL = "-Owholemodule";
				VALIDATE_PRODUCT = YES;
			};
			name = Release;
		};
		89A8829D1F7F0B5F0053AF9A /* Debug */ = {
			isa = XCBuildConfiguration;
			buildSettings = {
				ASSETCATALOG_COMPILER_APPICON_NAME = AppIcon;
				CODE_SIGN_STYLE = Automatic;
				DEVELOPMENT_TEAM = 6UPMA52VHK;
				INFOPLIST_FILE = "Movie Finder/Info.plist";
				IPHONEOS_DEPLOYMENT_TARGET = 10.3;
				LD_RUNPATH_SEARCH_PATHS = "$(inherited) @executable_path/Frameworks";
				PRODUCT_BUNDLE_IDENTIFIER = "com.athota1.Movie-Finder";
				PRODUCT_NAME = "$(TARGET_NAME)";
				SWIFT_VERSION = 4.0;
				TARGETED_DEVICE_FAMILY = 1;
			};
			name = Debug;
		};
		89A8829E1F7F0B5F0053AF9A /* Release */ = {
			isa = XCBuildConfiguration;
			buildSettings = {
				ASSETCATALOG_COMPILER_APPICON_NAME = AppIcon;
				CODE_SIGN_STYLE = Automatic;
				DEVELOPMENT_TEAM = 6UPMA52VHK;
				INFOPLIST_FILE = "Movie Finder/Info.plist";
				IPHONEOS_DEPLOYMENT_TARGET = 10.3;
				LD_RUNPATH_SEARCH_PATHS = "$(inherited) @executable_path/Frameworks";
				PRODUCT_BUNDLE_IDENTIFIER = "com.athota1.Movie-Finder";
				PRODUCT_NAME = "$(TARGET_NAME)";
				SWIFT_VERSION = 4.0;
				TARGETED_DEVICE_FAMILY = 1;
			};
			name = Release;
		};
/* End XCBuildConfiguration section */

/* Begin XCConfigurationList section */
		89A882821F7F0B5F0053AF9A /* Build configuration list for PBXProject "Movie Finder" */ = {
			isa = XCConfigurationList;
			buildConfigurations = (
				89A8829A1F7F0B5F0053AF9A /* Debug */,
				89A8829B1F7F0B5F0053AF9A /* Release */,
			);
			defaultConfigurationIsVisible = 0;
			defaultConfigurationName = Release;
		};
		89A8829C1F7F0B5F0053AF9A /* Build configuration list for PBXNativeTarget "Movie Finder" */ = {
			isa = XCConfigurationList;
			buildConfigurations = (
				89A8829D1F7F0B5F0053AF9A /* Debug */,
				89A8829E1F7F0B5F0053AF9A /* Release */,
			);
			defaultConfigurationIsVisible = 0;
			defaultConfigurationName = Release;
		};
/* End XCConfigurationList section */

/* Begin XCVersionGroup section */
		89A882911F7F0B5F0053AF9A /* Movie_Finder.xcdatamodeld */ = {
			isa = XCVersionGroup;
			children = (
				89A882921F7F0B5F0053AF9A /* Movie_Finder.xcdatamodel */,
			);
			currentVersion = 89A882921F7F0B5F0053AF9A /* Movie_Finder.xcdatamodel */;
			path = Movie_Finder.xcdatamodeld;
			sourceTree = "<group>";
			versionGroupType = wrapper.xcdatamodel;
		};
/* End XCVersionGroup section */
	};
	rootObject = 89A8827F1F7F0B5F0053AF9A /* Project object */;
}
